
Microsoft Visual Studio Solution File, Format Version 12.00
# Visual Studio Version 16
VisualStudioVersion = 16.0.810.9
MinimumVisualStudioVersion = 10.0.40219.1
Project("{FAE04EC0-301F-11D3-BF4B-00C04F79EFBC}") = "inst", "inst\inst.csproj", "{0C34BB62-61D9-4CAC-A2D6-70DC2E10961B}"
EndProject
Global
	GlobalSection(SolutionConfigurationPlatforms) = preSolution
		Debug|Any CPU = Debug|Any CPU
		Release|Any CPU = Release|Any CPU
	EndGlobalSection
	GlobalSection(ProjectConfigurationPlatforms) = postSolution
		{0C34BB62-61D9-4CAC-A2D6-70DC2E10961B}.Debug|Any CPU.ActiveCfg = Debug|Any CPU
		{0C34BB62-61D9-4CAC-A2D6-70DC2E10961B}.Debug|Any CPU.Build.0 = Debug|Any CPU
		{0C34BB62-61D9-4CAC-A2D6-70DC2E10961B}.Release|Any CPU.ActiveCfg = Release|Any CPU
		{0C34BB62-61D9-4CAC-A2D6-70DC2E10961B}.Release|Any CPU.Build.0 = Release|Any CPU
	EndGlobalSection
	GlobalSection(SolutionProperties) = preSolution
		HideSolutionNode = FALSE
	EndGlobalSection
	GlobalSection(ExtensibilityGlobals) = postSolution
		SolutionGuid = {ADE83F81-99A6-4EB6-8DD6-2871B1E0790A}
	EndGlobalSection
EndGlobal
