
Microsoft Visual Studio Solution File, Format Version 12.00
# Visual Studio Version 16
VisualStudioVersion = 16.0.810.9
MinimumVisualStudioVersion = 10.0.40219.1
Project("{FAE04EC0-301F-11D3-BF4B-00C04F79EFBC}") = "iiinst", "iiinst\iiinst.csproj", "{BE2E83F5-05F2-40F1-8FF0-E50D8B6C966E}"
EndProject
Global
	GlobalSection(SolutionConfigurationPlatforms) = preSolution
		Debug|Any CPU = Debug|Any CPU
		Release|Any CPU = Release|Any CPU
	EndGlobalSection
	GlobalSection(ProjectConfigurationPlatforms) = postSolution
		{BE2E83F5-05F2-40F1-8FF0-E50D8B6C966E}.Debug|Any CPU.ActiveCfg = Debug|Any CPU
		{BE2E83F5-05F2-40F1-8FF0-E50D8B6C966E}.Debug|Any CPU.Build.0 = Debug|Any CPU
		{BE2E83F5-05F2-40F1-8FF0-E50D8B6C966E}.Release|Any CPU.ActiveCfg = Release|Any CPU
		{BE2E83F5-05F2-40F1-8FF0-E50D8B6C966E}.Release|Any CPU.Build.0 = Release|Any CPU
	EndGlobalSection
	GlobalSection(SolutionProperties) = preSolution
		HideSolutionNode = FALSE
	EndGlobalSection
	GlobalSection(ExtensibilityGlobals) = postSolution
		SolutionGuid = {9C66B399-CF01-40B7-8285-B9C4D80BCC40}
	EndGlobalSection
EndGlobal
